
Microsoft Visual Studio Solution File, Format Version 12.00
# Visual Studio 15
VisualStudioVersion = 15.0.26430.4
MinimumVisualStudioVersion = 10.0.40219.1
Project("{2150E333-8FDC-42A3-9474-1A3956D46DE8}") = "src", "src", "{D6C47EF9-F0B9-4870-A2B9-165DC361C700}"
EndProject
Project("{2150E333-8FDC-42A3-9474-1A3956D46DE8}") = "Solution Items", "Solution Items", "{F80B8D55-4FC8-4CDE-8083-CB668A2EC779}"
EndProject
Project("{9A19103F-16F7-4668-BE54-9A1E7A4F7556}") = "Threax.Home.ZWave", "Threax.Home.ZWave\Threax.Home.ZWave.csproj", "{1C35F13D-7480-42A4-81B2-C335CC782712}"
EndProject
Project("{9A19103F-16F7-4668-BE54-9A1E7A4F7556}") = "Threax.Home.Core", "Threax.Home.Core\Threax.Home.Core.csproj", "{7D722573-97FA-43B4-94D4-8EA636C0315B}"
EndProject
Project("{9A19103F-16F7-4668-BE54-9A1E7A4F7556}") = "Threax.Home", "Threax.Home\Threax.Home.csproj", "{84D83DE7-0F48-47C5-80A1-20FA5B99ED51}"
EndProject
Project("{9A19103F-16F7-4668-BE54-9A1E7A4F7556}") = "Threax.Home.Mfi", "Threax.Home.Mfi\Threax.Home.Mfi.csproj", "{4776C5BF-894E-44F9-9F14-307E013843A4}"
EndProject
Project("{9A19103F-16F7-4668-BE54-9A1E7A4F7556}") = "Threax.Home.Hue", "Threax.Home.Hue\Threax.Home.Hue.csproj", "{BD59347C-B030-4194-A614-409372F06761}"
EndProject
Project("{9A19103F-16F7-4668-BE54-9A1E7A4F7556}") = "ColorTouchSharp", "ColorTouchSharp\ColorTouchSharp.csproj", "{D0835D23-E2CA-4A77-B6BE-82AB7E479F6A}"
EndProject
Project("{9A19103F-16F7-4668-BE54-9A1E7A4F7556}") = "Threax.Home.Colortouch", "Threax.Home.Colortouch\Threax.Home.Colortouch.csproj", "{88029D02-7DCF-49DB-8B4B-1BE34726E6F6}"
EndProject
Project("{9A19103F-16F7-4668-BE54-9A1E7A4F7556}") = "Threax.Home.Client", "Threax.Home.Client\Threax.Home.Client.csproj", "{565EEAC9-6052-42D3-98A4-1B93D6E1CBAB}"
EndProject
Global
	GlobalSection(SolutionConfigurationPlatforms) = preSolution
		Debug|Any CPU = Debug|Any CPU
		Release|Any CPU = Release|Any CPU
	EndGlobalSection
	GlobalSection(ProjectConfigurationPlatforms) = postSolution
		{1C35F13D-7480-42A4-81B2-C335CC782712}.Debug|Any CPU.ActiveCfg = Debug|Any CPU
		{1C35F13D-7480-42A4-81B2-C335CC782712}.Debug|Any CPU.Build.0 = Debug|Any CPU
		{1C35F13D-7480-42A4-81B2-C335CC782712}.Release|Any CPU.ActiveCfg = Release|Any CPU
		{1C35F13D-7480-42A4-81B2-C335CC782712}.Release|Any CPU.Build.0 = Release|Any CPU
		{7D722573-97FA-43B4-94D4-8EA636C0315B}.Debug|Any CPU.ActiveCfg = Debug|Any CPU
		{7D722573-97FA-43B4-94D4-8EA636C0315B}.Debug|Any CPU.Build.0 = Debug|Any CPU
		{7D722573-97FA-43B4-94D4-8EA636C0315B}.Release|Any CPU.ActiveCfg = Release|Any CPU
		{7D722573-97FA-43B4-94D4-8EA636C0315B}.Release|Any CPU.Build.0 = Release|Any CPU
		{84D83DE7-0F48-47C5-80A1-20FA5B99ED51}.Debug|Any CPU.ActiveCfg = Debug|Any CPU
		{84D83DE7-0F48-47C5-80A1-20FA5B99ED51}.Debug|Any CPU.Build.0 = Debug|Any CPU
		{84D83DE7-0F48-47C5-80A1-20FA5B99ED51}.Release|Any CPU.ActiveCfg = Release|Any CPU
		{84D83DE7-0F48-47C5-80A1-20FA5B99ED51}.Release|Any CPU.Build.0 = Release|Any CPU
		{4776C5BF-894E-44F9-9F14-307E013843A4}.Debug|Any CPU.ActiveCfg = Debug|Any CPU
		{4776C5BF-894E-44F9-9F14-307E013843A4}.Debug|Any CPU.Build.0 = Debug|Any CPU
		{4776C5BF-894E-44F9-9F14-307E013843A4}.Release|Any CPU.ActiveCfg = Release|Any CPU
		{4776C5BF-894E-44F9-9F14-307E013843A4}.Release|Any CPU.Build.0 = Release|Any CPU
		{BD59347C-B030-4194-A614-409372F06761}.Debug|Any CPU.ActiveCfg = Debug|Any CPU
		{BD59347C-B030-4194-A614-409372F06761}.Debug|Any CPU.Build.0 = Debug|Any CPU
		{BD59347C-B030-4194-A614-409372F06761}.Release|Any CPU.ActiveCfg = Release|Any CPU
		{BD59347C-B030-4194-A614-409372F06761}.Release|Any CPU.Build.0 = Release|Any CPU
		{D0835D23-E2CA-4A77-B6BE-82AB7E479F6A}.Debug|Any CPU.ActiveCfg = Debug|Any CPU
		{D0835D23-E2CA-4A77-B6BE-82AB7E479F6A}.Debug|Any CPU.Build.0 = Debug|Any CPU
		{D0835D23-E2CA-4A77-B6BE-82AB7E479F6A}.Release|Any CPU.ActiveCfg = Release|Any CPU
		{D0835D23-E2CA-4A77-B6BE-82AB7E479F6A}.Release|Any CPU.Build.0 = Release|Any CPU
		{88029D02-7DCF-49DB-8B4B-1BE34726E6F6}.Debug|Any CPU.ActiveCfg = Debug|Any CPU
		{88029D02-7DCF-49DB-8B4B-1BE34726E6F6}.Debug|Any CPU.Build.0 = Debug|Any CPU
		{88029D02-7DCF-49DB-8B4B-1BE34726E6F6}.Release|Any CPU.ActiveCfg = Release|Any CPU
		{88029D02-7DCF-49DB-8B4B-1BE34726E6F6}.Release|Any CPU.Build.0 = Release|Any CPU
		{565EEAC9-6052-42D3-98A4-1B93D6E1CBAB}.Debug|Any CPU.ActiveCfg = Debug|Any CPU
		{565EEAC9-6052-42D3-98A4-1B93D6E1CBAB}.Debug|Any CPU.Build.0 = Debug|Any CPU
		{565EEAC9-6052-42D3-98A4-1B93D6E1CBAB}.Release|Any CPU.ActiveCfg = Release|Any CPU
		{565EEAC9-6052-42D3-98A4-1B93D6E1CBAB}.Release|Any CPU.Build.0 = Release|Any CPU
	EndGlobalSection
	GlobalSection(SolutionProperties) = preSolution
		HideSolutionNode = FALSE
	EndGlobalSection
	GlobalSection(ExtensibilityGlobals) = postSolution
		SolutionGuid = {D3FDD7D7-E4AA-4369-AA98-6B8E6F81D851}
	EndGlobalSection
EndGlobal
