
Microsoft Visual Studio Solution File, Format Version 12.00
# Visual Studio 14
VisualStudioVersion = 14.0.25420.1
MinimumVisualStudioVersion = 10.0.40219.1
Project("{2150E333-8FDC-42A3-9474-1A3956D46DE8}") = "src", "src", "{D6C47EF9-F0B9-4870-A2B9-165DC361C700}"
EndProject
Project("{2150E333-8FDC-42A3-9474-1A3956D46DE8}") = "Solution Items", "Solution Items", "{F80B8D55-4FC8-4CDE-8083-CB668A2EC779}"
	ProjectSection(SolutionItems) = preProject
		global.json = global.json
	EndProjectSection
EndProject
Project("{8BB2217D-0F2D-49D1-97BC-3654ED321F3B}") = "Threax.Home.ZWave", "src\Threax.Home.ZWave\Threax.Home.ZWave.xproj", "{1C35F13D-7480-42A4-81B2-C335CC782712}"
EndProject
Project("{8BB2217D-0F2D-49D1-97BC-3654ED321F3B}") = "Threax.Home.Core", "src\Threax.Home.Core\Threax.Home.Core.xproj", "{7D722573-97FA-43B4-94D4-8EA636C0315B}"
EndProject
Project("{8BB2217D-0F2D-49D1-97BC-3654ED321F3B}") = "Threax.Home.Hue", "src\Threax.Home.Hue\Threax.Home.Hue.xproj", "{3FF20E20-0CE3-4A64-BEC4-8315129E40AF}"
EndProject
Project("{8BB2217D-0F2D-49D1-97BC-3654ED321F3B}") = "Threax.Home.MFi", "src\Threax.Home.MFi\Threax.Home.MFi.xproj", "{84392E55-CCA7-4EDA-BDA8-6C7335F33325}"
EndProject
Project("{8BB2217D-0F2D-49D1-97BC-3654ED321F3B}") = "Threax.Home.Api", "src\Threax.Home.Api\Threax.Home.Api.xproj", "{B65884BF-850F-4C10-8E7A-682571A37251}"
EndProject
Global
	GlobalSection(SolutionConfigurationPlatforms) = preSolution
		Debug|Any CPU = Debug|Any CPU
		Release|Any CPU = Release|Any CPU
	EndGlobalSection
	GlobalSection(ProjectConfigurationPlatforms) = postSolution
		{1C35F13D-7480-42A4-81B2-C335CC782712}.Debug|Any CPU.ActiveCfg = Debug|Any CPU
		{1C35F13D-7480-42A4-81B2-C335CC782712}.Debug|Any CPU.Build.0 = Debug|Any CPU
		{1C35F13D-7480-42A4-81B2-C335CC782712}.Release|Any CPU.ActiveCfg = Release|Any CPU
		{1C35F13D-7480-42A4-81B2-C335CC782712}.Release|Any CPU.Build.0 = Release|Any CPU
		{7D722573-97FA-43B4-94D4-8EA636C0315B}.Debug|Any CPU.ActiveCfg = Debug|Any CPU
		{7D722573-97FA-43B4-94D4-8EA636C0315B}.Debug|Any CPU.Build.0 = Debug|Any CPU
		{7D722573-97FA-43B4-94D4-8EA636C0315B}.Release|Any CPU.ActiveCfg = Release|Any CPU
		{7D722573-97FA-43B4-94D4-8EA636C0315B}.Release|Any CPU.Build.0 = Release|Any CPU
		{3FF20E20-0CE3-4A64-BEC4-8315129E40AF}.Debug|Any CPU.ActiveCfg = Debug|Any CPU
		{3FF20E20-0CE3-4A64-BEC4-8315129E40AF}.Debug|Any CPU.Build.0 = Debug|Any CPU
		{3FF20E20-0CE3-4A64-BEC4-8315129E40AF}.Release|Any CPU.ActiveCfg = Release|Any CPU
		{3FF20E20-0CE3-4A64-BEC4-8315129E40AF}.Release|Any CPU.Build.0 = Release|Any CPU
		{84392E55-CCA7-4EDA-BDA8-6C7335F33325}.Debug|Any CPU.ActiveCfg = Debug|Any CPU
		{84392E55-CCA7-4EDA-BDA8-6C7335F33325}.Debug|Any CPU.Build.0 = Debug|Any CPU
		{84392E55-CCA7-4EDA-BDA8-6C7335F33325}.Release|Any CPU.ActiveCfg = Release|Any CPU
		{84392E55-CCA7-4EDA-BDA8-6C7335F33325}.Release|Any CPU.Build.0 = Release|Any CPU
		{B65884BF-850F-4C10-8E7A-682571A37251}.Debug|Any CPU.ActiveCfg = Debug|Any CPU
		{B65884BF-850F-4C10-8E7A-682571A37251}.Debug|Any CPU.Build.0 = Debug|Any CPU
		{B65884BF-850F-4C10-8E7A-682571A37251}.Release|Any CPU.ActiveCfg = Release|Any CPU
		{B65884BF-850F-4C10-8E7A-682571A37251}.Release|Any CPU.Build.0 = Release|Any CPU
	EndGlobalSection
	GlobalSection(SolutionProperties) = preSolution
		HideSolutionNode = FALSE
	EndGlobalSection
	GlobalSection(NestedProjects) = preSolution
		{1C35F13D-7480-42A4-81B2-C335CC782712} = {D6C47EF9-F0B9-4870-A2B9-165DC361C700}
		{7D722573-97FA-43B4-94D4-8EA636C0315B} = {D6C47EF9-F0B9-4870-A2B9-165DC361C700}
		{3FF20E20-0CE3-4A64-BEC4-8315129E40AF} = {D6C47EF9-F0B9-4870-A2B9-165DC361C700}
		{84392E55-CCA7-4EDA-BDA8-6C7335F33325} = {D6C47EF9-F0B9-4870-A2B9-165DC361C700}
		{B65884BF-850F-4C10-8E7A-682571A37251} = {D6C47EF9-F0B9-4870-A2B9-165DC361C700}
	EndGlobalSection
EndGlobal
